// !$*UTF8*$!
{
	archiveVersion = 1;
	classes = {
	};
	objectVersion = 46;
	objects = {

/* Begin PBXBuildFile section */
		4654D5111B7B343D007C9145 /* ZLMusicFlowDecorativeView.h in Headers */ = {isa = PBXBuildFile; fileRef = 4654D50D1B7B343D007C9145 /* ZLMusicFlowDecorativeView.h */; settings = {ATTRIBUTES = (Public, ); }; };
		4654D5121B7B343D007C9145 /* ZLMusicFlowDecorativeView.m in Sources */ = {isa = PBXBuildFile; fileRef = 4654D50E1B7B343D007C9145 /* ZLMusicFlowDecorativeView.m */; };
		4654D5131B7B343D007C9145 /* ZLMusicFlowWaveView.h in Headers */ = {isa = PBXBuildFile; fileRef = 4654D50F1B7B343D007C9145 /* ZLMusicFlowWaveView.h */; settings = {ATTRIBUTES = (Public, ); }; };
		4654D5141B7B343D007C9145 /* ZLMusicFlowWaveView.m in Sources */ = {isa = PBXBuildFile; fileRef = 4654D5101B7B343D007C9145 /* ZLMusicFlowWaveView.m */; };
		4654D5171B7B3481007C9145 /* EZAudio.framework in Frameworks */ = {isa = PBXBuildFile; fileRef = 4654D5151B7B3481007C9145 /* EZAudio.framework */; };
		4654D5181B7B3481007C9145 /* ZLSinusWaveView.framework in Frameworks */ = {isa = PBXBuildFile; fileRef = 4654D5161B7B3481007C9145 /* ZLSinusWaveView.framework */; };
/* End PBXBuildFile section */

/* Begin PBXFileReference section */
		4654D5021B7B33F2007C9145 /* ZLMusicFlowWaveView.framework */ = {isa = PBXFileReference; explicitFileType = wrapper.framework; includeInIndex = 0; path = ZLMusicFlowWaveView.framework; sourceTree = BUILT_PRODUCTS_DIR; };
		4654D5071B7B33F2007C9145 /* Info.plist */ = {isa = PBXFileReference; lastKnownFileType = text.plist.xml; path = Info.plist; sourceTree = "<group>"; };
		4654D50D1B7B343D007C9145 /* ZLMusicFlowDecorativeView.h */ = {isa = PBXFileReference; fileEncoding = 4; lastKnownFileType = sourcecode.c.h; path = ZLMusicFlowDecorativeView.h; sourceTree = "<group>"; };
		4654D50E1B7B343D007C9145 /* ZLMusicFlowDecorativeView.m */ = {isa = PBXFileReference; fileEncoding = 4; lastKnownFileType = sourcecode.c.objc; path = ZLMusicFlowDecorativeView.m; sourceTree = "<group>"; };
		4654D50F1B7B343D007C9145 /* ZLMusicFlowWaveView.h */ = {isa = PBXFileReference; fileEncoding = 4; lastKnownFileType = sourcecode.c.h; path = ZLMusicFlowWaveView.h; sourceTree = "<group>"; };
		4654D5101B7B343D007C9145 /* ZLMusicFlowWaveView.m */ = {isa = PBXFileReference; fileEncoding = 4; lastKnownFileType = sourcecode.c.objc; path = ZLMusicFlowWaveView.m; sourceTree = "<group>"; };
		4654D5151B7B3481007C9145 /* EZAudio.framework */ = {isa = PBXFileReference; lastKnownFileType = wrapper.framework; name = EZAudio.framework; path = Carthage/Build/iOS/EZAudio.framework; sourceTree = "<group>"; };
		4654D5161B7B3481007C9145 /* ZLSinusWaveView.framework */ = {isa = PBXFileReference; lastKnownFileType = wrapper.framework; name = ZLSinusWaveView.framework; path = Carthage/Build/iOS/ZLSinusWaveView.framework; sourceTree = "<group>"; };
/* End PBXFileReference section */

/* Begin PBXFrameworksBuildPhase section */
		4654D4FE1B7B33F2007C9145 /* Frameworks */ = {
			isa = PBXFrameworksBuildPhase;
			buildActionMask = 2147483647;
			files = (
				4654D5171B7B3481007C9145 /* EZAudio.framework in Frameworks */,
				4654D5181B7B3481007C9145 /* ZLSinusWaveView.framework in Frameworks */,
			);
			runOnlyForDeploymentPostprocessing = 0;
		};
/* End PBXFrameworksBuildPhase section */

/* Begin PBXGroup section */
		4654D4F81B7B33F2007C9145 = {
			isa = PBXGroup;
			children = (
				4654D5041B7B33F2007C9145 /* ZLMusicFlowWaveView */,
				4654D5031B7B33F2007C9145 /* Products */,
				4654D5191B7B3484007C9145 /* Frameworks */,
			);
			sourceTree = "<group>";
		};
		4654D5031B7B33F2007C9145 /* Products */ = {
			isa = PBXGroup;
			children = (
				4654D5021B7B33F2007C9145 /* ZLMusicFlowWaveView.framework */,
			);
			name = Products;
			sourceTree = "<group>";
		};
		4654D5041B7B33F2007C9145 /* ZLMusicFlowWaveView */ = {
			isa = PBXGroup;
			children = (
				4654D50D1B7B343D007C9145 /* ZLMusicFlowDecorativeView.h */,
				4654D50E1B7B343D007C9145 /* ZLMusicFlowDecorativeView.m */,
				4654D50F1B7B343D007C9145 /* ZLMusicFlowWaveView.h */,
				4654D5101B7B343D007C9145 /* ZLMusicFlowWaveView.m */,
				4654D5071B7B33F2007C9145 /* Info.plist */,
			);
			path = ZLMusicFlowWaveView;
			sourceTree = "<group>";
		};
		4654D5191B7B3484007C9145 /* Frameworks */ = {
			isa = PBXGroup;
			children = (
				4654D5151B7B3481007C9145 /* EZAudio.framework */,
				4654D5161B7B3481007C9145 /* ZLSinusWaveView.framework */,
			);
			name = Frameworks;
			sourceTree = "<group>";
		};
/* End PBXGroup section */

/* Begin PBXHeadersBuildPhase section */
		4654D4FF1B7B33F2007C9145 /* Headers */ = {
			isa = PBXHeadersBuildPhase;
			buildActionMask = 2147483647;
			files = (
				4654D5131B7B343D007C9145 /* ZLMusicFlowWaveView.h in Headers */,
				4654D5111B7B343D007C9145 /* ZLMusicFlowDecorativeView.h in Headers */,
			);
			runOnlyForDeploymentPostprocessing = 0;
		};
/* End PBXHeadersBuildPhase section */

/* Begin PBXNativeTarget section */
		4654D5011B7B33F2007C9145 /* ZLMusicFlowWaveView */ = {
			isa = PBXNativeTarget;
			buildConfigurationList = 4654D50A1B7B33F2007C9145 /* Build configuration list for PBXNativeTarget "ZLMusicFlowWaveView" */;
			buildPhases = (
				4654D4FD1B7B33F2007C9145 /* Sources */,
				4654D4FE1B7B33F2007C9145 /* Frameworks */,
				4654D4FF1B7B33F2007C9145 /* Headers */,
				4654D5001B7B33F2007C9145 /* Resources */,
			);
			buildRules = (
			);
			dependencies = (
			);
			name = ZLMusicFlowWaveView;
			productName = ZLMusicFlowWaveView;
			productReference = 4654D5021B7B33F2007C9145 /* ZLMusicFlowWaveView.framework */;
			productType = "com.apple.product-type.framework";
		};
/* End PBXNativeTarget section */

/* Begin PBXProject section */
		4654D4F91B7B33F2007C9145 /* Project object */ = {
			isa = PBXProject;
			attributes = {
				LastUpgradeCheck = 0700;
				ORGANIZATIONNAME = "Andrew Breckenridge";
				TargetAttributes = {
					4654D5011B7B33F2007C9145 = {
						CreatedOnToolsVersion = 7.0;
					};
				};
			};
			buildConfigurationList = 4654D4FC1B7B33F2007C9145 /* Build configuration list for PBXProject "ZLMusicFlowWaveView" */;
			compatibilityVersion = "Xcode 3.2";
			developmentRegion = English;
			hasScannedForEncodings = 0;
			knownRegions = (
				en,
			);
			mainGroup = 4654D4F81B7B33F2007C9145;
			productRefGroup = 4654D5031B7B33F2007C9145 /* Products */;
			projectDirPath = "";
			projectRoot = "";
			targets = (
				4654D5011B7B33F2007C9145 /* ZLMusicFlowWaveView */,
			);
		};
/* End PBXProject section */

/* Begin PBXResourcesBuildPhase section */
		4654D5001B7B33F2007C9145 /* Resources */ = {
			isa = PBXResourcesBuildPhase;
			buildActionMask = 2147483647;
			files = (
			);
			runOnlyForDeploymentPostprocessing = 0;
		};
/* End PBXResourcesBuildPhase section */

/* Begin PBXSourcesBuildPhase section */
		4654D4FD1B7B33F2007C9145 /* Sources */ = {
			isa = PBXSourcesBuildPhase;
			buildActionMask = 2147483647;
			files = (
				4654D5121B7B343D007C9145 /* ZLMusicFlowDecorativeView.m in Sources */,
				4654D5141B7B343D007C9145 /* ZLMusicFlowWaveView.m in Sources */,
			);
			runOnlyForDeploymentPostprocessing = 0;
		};
/* End PBXSourcesBuildPhase section */

/* Begin XCBuildConfiguration section */
		4654D5081B7B33F2007C9145 /* Debug */ = {
			isa = XCBuildConfiguration;
			buildSettings = {
				ALWAYS_SEARCH_USER_PATHS = NO;
				CLANG_CXX_LANGUAGE_STANDARD = "gnu++0x";
				CLANG_CXX_LIBRARY = "libc++";
				CLANG_ENABLE_MODULES = YES;
				CLANG_ENABLE_OBJC_ARC = YES;
				CLANG_WARN_BOOL_CONVERSION = YES;
				CLANG_WARN_CONSTANT_CONVERSION = YES;
				CLANG_WARN_DIRECT_OBJC_ISA_USAGE = YES_ERROR;
				CLANG_WARN_EMPTY_BODY = YES;
				CLANG_WARN_ENUM_CONVERSION = YES;
				CLANG_WARN_INT_CONVERSION = YES;
				CLANG_WARN_OBJC_ROOT_CLASS = YES_ERROR;
				CLANG_WARN_UNREACHABLE_CODE = YES;
				CLANG_WARN__DUPLICATE_METHOD_MATCH = YES;
				"CODE_SIGN_IDENTITY[sdk=iphoneos*]" = "iPhone Developer";
				COPY_PHASE_STRIP = NO;
				CURRENT_PROJECT_VERSION = 1;
				DEBUG_INFORMATION_FORMAT = dwarf;
				ENABLE_STRICT_OBJC_MSGSEND = YES;
				ENABLE_TESTABILITY = YES;
				GCC_C_LANGUAGE_STANDARD = gnu99;
				GCC_DYNAMIC_NO_PIC = NO;
				GCC_NO_COMMON_BLOCKS = YES;
				GCC_OPTIMIZATION_LEVEL = 0;
				GCC_PREPROCESSOR_DEFINITIONS = (
					"DEBUG=1",
					"$(inherited)",
				);
				GCC_WARN_64_TO_32_BIT_CONVERSION = YES;
				GCC_WARN_ABOUT_RETURN_TYPE = YES_ERROR;
				GCC_WARN_UNDECLARED_SELECTOR = YES;
				GCC_WARN_UNINITIALIZED_AUTOS = YES_AGGRESSIVE;
				GCC_WARN_UNUSED_FUNCTION = YES;
				GCC_WARN_UNUSED_VARIABLE = YES;
				IPHONEOS_DEPLOYMENT_TARGET = 9.0;
				MTL_ENABLE_DEBUG_INFO = YES;
				ONLY_ACTIVE_ARCH = YES;
				SDKROOT = iphoneos;
				TARGETED_DEVICE_FAMILY = "1,2";
				VERSIONING_SYSTEM = "apple-generic";
				VERSION_INFO_PREFIX = "";
			};
			name = Debug;
		};
		4654D5091B7B33F2007C9145 /* Release */ = {
			isa = XCBuildConfiguration;
			buildSettings = {
				ALWAYS_SEARCH_USER_PATHS = NO;
				CLANG_CXX_LANGUAGE_STANDARD = "gnu++0x";
				CLANG_CXX_LIBRARY = "libc++";
				CLANG_ENABLE_MODULES = YES;
				CLANG_ENABLE_OBJC_ARC = YES;
				CLANG_WARN_BOOL_CONVERSION = YES;
				CLANG_WARN_CONSTANT_CONVERSION = YES;
				CLANG_WARN_DIRECT_OBJC_ISA_USAGE = YES_ERROR;
				CLANG_WARN_EMPTY_BODY = YES;
				CLANG_WARN_ENUM_CONVERSION = YES;
				CLANG_WARN_INT_CONVERSION = YES;
				CLANG_WARN_OBJC_ROOT_CLASS = YES_ERROR;
				CLANG_WARN_UNREACHABLE_CODE = YES;
				CLANG_WARN__DUPLICATE_METHOD_MATCH = YES;
				"CODE_SIGN_IDENTITY[sdk=iphoneos*]" = "iPhone Developer";
				COPY_PHASE_STRIP = NO;
				CURRENT_PROJECT_VERSION = 1;
				DEBUG_INFORMATION_FORMAT = "dwarf-with-dsym";
				ENABLE_NS_ASSERTIONS = NO;
				ENABLE_STRICT_OBJC_MSGSEND = YES;
				GCC_C_LANGUAGE_STANDARD = gnu99;
				GCC_NO_COMMON_BLOCKS = YES;
				GCC_WARN_64_TO_32_BIT_CONVERSION = YES;
				GCC_WARN_ABOUT_RETURN_TYPE = YES_ERROR;
				GCC_WARN_UNDECLARED_SELECTOR = YES;
				GCC_WARN_UNINITIALIZED_AUTOS = YES_AGGRESSIVE;
				GCC_WARN_UNUSED_FUNCTION = YES;
				GCC_WARN_UNUSED_VARIABLE = YES;
				IPHONEOS_DEPLOYMENT_TARGET = 9.0;
				MTL_ENABLE_DEBUG_INFO = NO;
				SDKROOT = iphoneos;
				TARGETED_DEVICE_FAMILY = "1,2";
				VALIDATE_PRODUCT = YES;
				VERSIONING_SYSTEM = "apple-generic";
				VERSION_INFO_PREFIX = "";
			};
			name = Release;
		};
		4654D50B1B7B33F2007C9145 /* Debug */ = {
			isa = XCBuildConfiguration;
			buildSettings = {
				DEFINES_MODULE = YES;
				DYLIB_COMPATIBILITY_VERSION = 1;
				DYLIB_CURRENT_VERSION = 1;
				DYLIB_INSTALL_NAME_BASE = "@rpath";
				FRAMEWORK_SEARCH_PATHS = (
					"$(inherited)",
					"$(PROJECT_DIR)/Carthage/Build/iOS",
				);
				INFOPLIST_FILE = ZLMusicFlowWaveView/Info.plist;
				INSTALL_PATH = "$(LOCAL_LIBRARY_DIR)/Frameworks";
				LD_RUNPATH_SEARCH_PATHS = "$(inherited) @executable_path/Frameworks @loader_path/Frameworks";
				PRODUCT_BUNDLE_IDENTIFIER = tfw.ZLMusicFlowWaveView;
				PRODUCT_NAME = "$(TARGET_NAME)";
				SKIP_INSTALL = YES;
			};
			name = Debug;
		};
		4654D50C1B7B33F2007C9145 /* Release */ = {
			isa = XCBuildConfiguration;
			buildSettings = {
				DEFINES_MODULE = YES;
				DYLIB_COMPATIBILITY_VERSION = 1;
				DYLIB_CURRENT_VERSION = 1;
				DYLIB_INSTALL_NAME_BASE = "@rpath";
				FRAMEWORK_SEARCH_PATHS = (
					"$(inherited)",
					"$(PROJECT_DIR)/Carthage/Build/iOS",
				);
				INFOPLIST_FILE = ZLMusicFlowWaveView/Info.plist;
				INSTALL_PATH = "$(LOCAL_LIBRARY_DIR)/Frameworks";
				LD_RUNPATH_SEARCH_PATHS = "$(inherited) @executable_path/Frameworks @loader_path/Frameworks";
				PRODUCT_BUNDLE_IDENTIFIER = tfw.ZLMusicFlowWaveView;
				PRODUCT_NAME = "$(TARGET_NAME)";
				SKIP_INSTALL = YES;
			};
			name = Release;
		};
/* End XCBuildConfiguration section */

/* Begin XCConfigurationList section */
		4654D4FC1B7B33F2007C9145 /* Build configuration list for PBXProject "ZLMusicFlowWaveView" */ = {
			isa = XCConfigurationList;
			buildConfigurations = (
				4654D5081B7B33F2007C9145 /* Debug */,
				4654D5091B7B33F2007C9145 /* Release */,
			);
			defaultConfigurationIsVisible = 0;
			defaultConfigurationName = Release;
		};
		4654D50A1B7B33F2007C9145 /* Build configuration list for PBXNativeTarget "ZLMusicFlowWaveView" */ = {
			isa = XCConfigurationList;
			buildConfigurations = (
				4654D50B1B7B33F2007C9145 /* Debug */,
				4654D50C1B7B33F2007C9145 /* Release */,
			);
			defaultConfigurationIsVisible = 0;
			defaultConfigurationName = Release;
		};
/* End XCConfigurationList section */
	};
	rootObject = 4654D4F91B7B33F2007C9145 /* Project object */;
}
